
Microsoft Visual Studio Solution File, Format Version 12.00
# Visual Studio Version 17
VisualStudioVersion = 17.14.35821.62 d17.14
MinimumVisualStudioVersion = 10.0.40219.1
Project("{FAE04EC0-301F-11D3-BF4B-00C04F79EFBC}") = "ProcessFiles.Lib", "ProcessFiles.Lib\ProcessFiles.Lib.csproj", "{2149DEF4-9E16-4D9F-8B55-488A3FCBC259}"
EndProject
Project("{FAE04EC0-301F-11D3-BF4B-00C04F79EFBC}") = "TestHarness.Console", "TestHarness.Console\TestHarness.Console.csproj", "{681842B1-2FA7-4531-8A63-1389186ACACD}"
EndProject
Global
	GlobalSection(SolutionConfigurationPlatforms) = preSolution
		Debug|Any CPU = Debug|Any CPU
		Release|Any CPU = Release|Any CPU
	EndGlobalSection
	GlobalSection(ProjectConfigurationPlatforms) = postSolution
		{2149DEF4-9E16-4D9F-8B55-488A3FCBC259}.Debug|Any CPU.ActiveCfg = Debug|Any CPU
		{2149DEF4-9E16-4D9F-8B55-488A3FCBC259}.Debug|Any CPU.Build.0 = Debug|Any CPU
		{2149DEF4-9E16-4D9F-8B55-488A3FCBC259}.Release|Any CPU.ActiveCfg = Release|Any CPU
		{2149DEF4-9E16-4D9F-8B55-488A3FCBC259}.Release|Any CPU.Build.0 = Release|Any CPU
		{681842B1-2FA7-4531-8A63-1389186ACACD}.Debug|Any CPU.ActiveCfg = Debug|Any CPU
		{681842B1-2FA7-4531-8A63-1389186ACACD}.Debug|Any CPU.Build.0 = Debug|Any CPU
		{681842B1-2FA7-4531-8A63-1389186ACACD}.Release|Any CPU.ActiveCfg = Release|Any CPU
		{681842B1-2FA7-4531-8A63-1389186ACACD}.Release|Any CPU.Build.0 = Release|Any CPU
	EndGlobalSection
	GlobalSection(SolutionProperties) = preSolution
		HideSolutionNode = FALSE
	EndGlobalSection
	GlobalSection(ExtensibilityGlobals) = postSolution
		SolutionGuid = {0E78646B-ECD1-4988-8BF9-5D9661DACEC1}
	EndGlobalSection
EndGlobal
